{
  "name": "Focus-Unblocker",
  "lockfileVersion": 3,
  "requires": true,
  "packages": {
    "": {
      "dependencies": {
        "chrome-types": "^0.1.210"
      }
    },
    "node_modules/chrome-types": {
      "version": "0.1.210",
      "resolved": "https://registry.npmjs.org/chrome-types/-/chrome-types-0.1.210.tgz",
      "integrity": "sha512-pZQmVGJR6VVW5KlrMigzlOxLEkEJYw9Qegkp9/AGV2AKKibS99uRcIJ2rH41I97QlenwGnISEsdhu1ywNymRaQ=="
    }
  }
}
